// !$*UTF8*$!
{
	archiveVersion = 1;
	classes = {
	};
	objectVersion = 50;
	objects = {

/* Begin PBXBuildFile section */
		1053F39E23EAE5C000D8A11F /* AppDelegate.swift in Sources */ = {isa = PBXBuildFile; fileRef = 1053F39D23EAE5C000D8A11F /* AppDelegate.swift */; };
		1053F3A023EAE5C000D8A11F /* SceneDelegate.swift in Sources */ = {isa = PBXBuildFile; fileRef = 1053F39F23EAE5C000D8A11F /* SceneDelegate.swift */; };
		1053F3A223EAE5C000D8A11F /* ViewController.swift in Sources */ = {isa = PBXBuildFile; fileRef = 1053F3A123EAE5C000D8A11F /* ViewController.swift */; };
		1053F3A523EAE5C000D8A11F /* Main.storyboard in Resources */ = {isa = PBXBuildFile; fileRef = 1053F3A323EAE5C000D8A11F /* Main.storyboard */; };
		1053F3A723EAE5C200D8A11F /* Assets.xcassets in Resources */ = {isa = PBXBuildFile; fileRef = 1053F3A623EAE5C200D8A11F /* Assets.xcassets */; };
		1053F3AA23EAE5C200D8A11F /* LaunchScreen.storyboard in Resources */ = {isa = PBXBuildFile; fileRef = 1053F3A823EAE5C200D8A11F /* LaunchScreen.storyboard */; };
/* End PBXBuildFile section */

/* Begin PBXFileReference section */
		1053F39A23EAE5C000D8A11F /* MusicSearcher.app */ = {isa = PBXFileReference; explicitFileType = wrapper.application; includeInIndex = 0; path = MusicSearcher.app; sourceTree = BUILT_PRODUCTS_DIR; };
		1053F39D23EAE5C000D8A11F /* AppDelegate.swift */ = {isa = PBXFileReference; lastKnownFileType = sourcecode.swift; path = AppDelegate.swift; sourceTree = "<group>"; };
		1053F39F23EAE5C000D8A11F /* SceneDelegate.swift */ = {isa = PBXFileReference; lastKnownFileType = sourcecode.swift; path = SceneDelegate.swift; sourceTree = "<group>"; };
		1053F3A123EAE5C000D8A11F /* ViewController.swift */ = {isa = PBXFileReference; lastKnownFileType = sourcecode.swift; path = ViewController.swift; sourceTree = "<group>"; };
		1053F3A423EAE5C000D8A11F /* Base */ = {isa = PBXFileReference; lastKnownFileType = file.storyboard; name = Base; path = Base.lproj/Main.storyboard; sourceTree = "<group>"; };
		1053F3A623EAE5C200D8A11F /* Assets.xcassets */ = {isa = PBXFileReference; lastKnownFileType = folder.assetcatalog; path = Assets.xcassets; sourceTree = "<group>"; };
		1053F3A923EAE5C200D8A11F /* Base */ = {isa = PBXFileReference; lastKnownFileType = file.storyboard; name = Base; path = Base.lproj/LaunchScreen.storyboard; sourceTree = "<group>"; };
		1053F3AB23EAE5C200D8A11F /* Info.plist */ = {isa = PBXFileReference; lastKnownFileType = text.plist.xml; path = Info.plist; sourceTree = "<group>"; };
/* End PBXFileReference section */

/* Begin PBXFrameworksBuildPhase section */
		1053F39723EAE5C000D8A11F /* Frameworks */ = {
			isa = PBXFrameworksBuildPhase;
			buildActionMask = 2147483647;
			files = (
			);
			runOnlyForDeploymentPostprocessing = 0;
		};
/* End PBXFrameworksBuildPhase section */

/* Begin PBXGroup section */
		1053F39123EAE5C000D8A11F = {
			isa = PBXGroup;
			children = (
				1053F39C23EAE5C000D8A11F /* MusicSearcher */,
				1053F39B23EAE5C000D8A11F /* Products */,
			);
			sourceTree = "<group>";
		};
		1053F39B23EAE5C000D8A11F /* Products */ = {
			isa = PBXGroup;
			children = (
				1053F39A23EAE5C000D8A11F /* MusicSearcher.app */,
			);
			name = Products;
			sourceTree = "<group>";
		};
		1053F39C23EAE5C000D8A11F /* MusicSearcher */ = {
			isa = PBXGroup;
			children = (
				1053F39D23EAE5C000D8A11F /* AppDelegate.swift */,
				1053F39F23EAE5C000D8A11F /* SceneDelegate.swift */,
				1053F3A123EAE5C000D8A11F /* ViewController.swift */,
				1053F3A323EAE5C000D8A11F /* Main.storyboard */,
				1053F3A623EAE5C200D8A11F /* Assets.xcassets */,
				1053F3A823EAE5C200D8A11F /* LaunchScreen.storyboard */,
				1053F3AB23EAE5C200D8A11F /* Info.plist */,
			);
			path = MusicSearcher;
			sourceTree = "<group>";
		};
/* End PBXGroup section */

/* Begin PBXNativeTarget section */
		1053F39923EAE5C000D8A11F /* MusicSearcher */ = {
			isa = PBXNativeTarget;
			buildConfigurationList = 1053F3AE23EAE5C200D8A11F /* Build configuration list for PBXNativeTarget "MusicSearcher" */;
			buildPhases = (
				1053F39623EAE5C000D8A11F /* Sources */,
				1053F39723EAE5C000D8A11F /* Frameworks */,
				1053F39823EAE5C000D8A11F /* Resources */,
			);
			buildRules = (
			);
			dependencies = (
			);
			name = MusicSearcher;
			productName = MusicSearcher;
			productReference = 1053F39A23EAE5C000D8A11F /* MusicSearcher.app */;
			productType = "com.apple.product-type.application";
		};
/* End PBXNativeTarget section */

/* Begin PBXProject section */
		1053F39223EAE5C000D8A11F /* Project object */ = {
			isa = PBXProject;
			attributes = {
				LastSwiftUpdateCheck = 1120;
				LastUpgradeCheck = 1120;
				ORGANIZATIONNAME = InsiderGroup;
				TargetAttributes = {
					1053F39923EAE5C000D8A11F = {
						CreatedOnToolsVersion = 11.2.1;
					};
				};
			};
			buildConfigurationList = 1053F39523EAE5C000D8A11F /* Build configuration list for PBXProject "MusicSearcher" */;
			compatibilityVersion = "Xcode 9.3";
			developmentRegion = en;
			hasScannedForEncodings = 0;
			knownRegions = (
				en,
				Base,
			);
			mainGroup = 1053F39123EAE5C000D8A11F;
			productRefGroup = 1053F39B23EAE5C000D8A11F /* Products */;
			projectDirPath = "";
			projectRoot = "";
			targets = (
				1053F39923EAE5C000D8A11F /* MusicSearcher */,
			);
		};
/* End PBXProject section */

/* Begin PBXResourcesBuildPhase section */
		1053F39823EAE5C000D8A11F /* Resources */ = {
			isa = PBXResourcesBuildPhase;
			buildActionMask = 2147483647;
			files = (
				1053F3AA23EAE5C200D8A11F /* LaunchScreen.storyboard in Resources */,
				1053F3A723EAE5C200D8A11F /* Assets.xcassets in Resources */,
				1053F3A523EAE5C000D8A11F /* Main.storyboard in Resources */,
			);
			runOnlyForDeploymentPostprocessing = 0;
		};
/* End PBXResourcesBuildPhase section */

/* Begin PBXSourcesBuildPhase section */
		1053F39623EAE5C000D8A11F /* Sources */ = {
			isa = PBXSourcesBuildPhase;
			buildActionMask = 2147483647;
			files = (
				1053F3A223EAE5C000D8A11F /* ViewController.swift in Sources */,
				1053F39E23EAE5C000D8A11F /* AppDelegate.swift in Sources */,
				1053F3A023EAE5C000D8A11F /* SceneDelegate.swift in Sources */,
			);
			runOnlyForDeploymentPostprocessing = 0;
		};
/* End PBXSourcesBuildPhase section */

/* Begin PBXVariantGroup section */
		1053F3A323EAE5C000D8A11F /* Main.storyboard */ = {
			isa = PBXVariantGroup;
			children = (
				1053F3A423EAE5C000D8A11F /* Base */,
			);
			name = Main.storyboard;
			sourceTree = "<group>";
		};
		1053F3A823EAE5C200D8A11F /* LaunchScreen.storyboard */ = {
			isa = PBXVariantGroup;
			children = (
				1053F3A923EAE5C200D8A11F /* Base */,
			);
			name = LaunchScreen.storyboard;
			sourceTree = "<group>";
		};
/* End PBXVariantGroup section */

/* Begin XCBuildConfiguration section */
		1053F3AC23EAE5C200D8A11F /* Debug */ = {
			isa = XCBuildConfiguration;
			buildSettings = {
				ALWAYS_SEARCH_USER_PATHS = NO;
				CLANG_ANALYZER_NONNULL = YES;
				CLANG_ANALYZER_NUMBER_OBJECT_CONVERSION = YES_AGGRESSIVE;
				CLANG_CXX_LANGUAGE_STANDARD = "gnu++14";
				CLANG_CXX_LIBRARY = "libc++";
				CLANG_ENABLE_MODULES = YES;
				CLANG_ENABLE_OBJC_ARC = YES;
				CLANG_ENABLE_OBJC_WEAK = YES;
				CLANG_WARN_BLOCK_CAPTURE_AUTORELEASING = YES;
				CLANG_WARN_BOOL_CONVERSION = YES;
				CLANG_WARN_COMMA = YES;
				CLANG_WARN_CONSTANT_CONVERSION = YES;
				CLANG_WARN_DEPRECATED_OBJC_IMPLEMENTATIONS = YES;
				CLANG_WARN_DIRECT_OBJC_ISA_USAGE = YES_ERROR;
				CLANG_WARN_DOCUMENTATION_COMMENTS = YES;
				CLANG_WARN_EMPTY_BODY = YES;
				CLANG_WARN_ENUM_CONVERSION = YES;
				CLANG_WARN_INFINITE_RECURSION = YES;
				CLANG_WARN_INT_CONVERSION = YES;
				CLANG_WARN_NON_LITERAL_NULL_CONVERSION = YES;
				CLANG_WARN_OBJC_IMPLICIT_RETAIN_SELF = YES;
				CLANG_WARN_OBJC_LITERAL_CONVERSION = YES;
				CLANG_WARN_OBJC_ROOT_CLASS = YES_ERROR;
				CLANG_WARN_RANGE_LOOP_ANALYSIS = YES;
				CLANG_WARN_STRICT_PROTOTYPES = YES;
				CLANG_WARN_SUSPICIOUS_MOVE = YES;
				CLANG_WARN_UNGUARDED_AVAILABILITY = YES_AGGRESSIVE;
				CLANG_WARN_UNREACHABLE_CODE = YES;
				CLANG_WARN__DUPLICATE_METHOD_MATCH = YES;
				COPY_PHASE_STRIP = NO;
				DEBUG_INFORMATION_FORMAT = dwarf;
				ENABLE_STRICT_OBJC_MSGSEND = YES;
				ENABLE_TESTABILITY = YES;
				GCC_C_LANGUAGE_STANDARD = gnu11;
				GCC_DYNAMIC_NO_PIC = NO;
				GCC_NO_COMMON_BLOCKS = YES;
				GCC_OPTIMIZATION_LEVEL = 0;
				GCC_PREPROCESSOR_DEFINITIONS = (
					"DEBUG=1",
					"$(inherited)",
				);
				GCC_WARN_64_TO_32_BIT_CONVERSION = YES;
				GCC_WARN_ABOUT_RETURN_TYPE = YES_ERROR;
				GCC_WARN_UNDECLARED_SELECTOR = YES;
				GCC_WARN_UNINITIALIZED_AUTOS = YES_AGGRESSIVE;
				GCC_WARN_UNUSED_FUNCTION = YES;
				GCC_WARN_UNUSED_VARIABLE = YES;
				IPHONEOS_DEPLOYMENT_TARGET = 13.2;
				MTL_ENABLE_DEBUG_INFO = INCLUDE_SOURCE;
				MTL_FAST_MATH = YES;
				ONLY_ACTIVE_ARCH = YES;
				SDKROOT = iphoneos;
				SWIFT_ACTIVE_COMPILATION_CONDITIONS = DEBUG;
				SWIFT_OPTIMIZATION_LEVEL = "-Onone";
			};
			name = Debug;
		};
		1053F3AD23EAE5C200D8A11F /* Release */ = {
			isa = XCBuildConfiguration;
			buildSettings = {
				ALWAYS_SEARCH_USER_PATHS = NO;
				CLANG_ANALYZER_NONNULL = YES;
				CLANG_ANALYZER_NUMBER_OBJECT_CONVERSION = YES_AGGRESSIVE;
				CLANG_CXX_LANGUAGE_STANDARD = "gnu++14";
				CLANG_CXX_LIBRARY = "libc++";
				CLANG_ENABLE_MODULES = YES;
				CLANG_ENABLE_OBJC_ARC = YES;
				CLANG_ENABLE_OBJC_WEAK = YES;
				CLANG_WARN_BLOCK_CAPTURE_AUTORELEASING = YES;
				CLANG_WARN_BOOL_CONVERSION = YES;
				CLANG_WARN_COMMA = YES;
				CLANG_WARN_CONSTANT_CONVERSION = YES;
				CLANG_WARN_DEPRECATED_OBJC_IMPLEMENTATIONS = YES;
				CLANG_WARN_DIRECT_OBJC_ISA_USAGE = YES_ERROR;
				CLANG_WARN_DOCUMENTATION_COMMENTS = YES;
				CLANG_WARN_EMPTY_BODY = YES;
				CLANG_WARN_ENUM_CONVERSION = YES;
				CLANG_WARN_INFINITE_RECURSION = YES;
				CLANG_WARN_INT_CONVERSION = YES;
				CLANG_WARN_NON_LITERAL_NULL_CONVERSION = YES;
				CLANG_WARN_OBJC_IMPLICIT_RETAIN_SELF = YES;
				CLANG_WARN_OBJC_LITERAL_CONVERSION = YES;
				CLANG_WARN_OBJC_ROOT_CLASS = YES_ERROR;
				CLANG_WARN_RANGE_LOOP_ANALYSIS = YES;
				CLANG_WARN_STRICT_PROTOTYPES = YES;
				CLANG_WARN_SUSPICIOUS_MOVE = YES;
				CLANG_WARN_UNGUARDED_AVAILABILITY = YES_AGGRESSIVE;
				CLANG_WARN_UNREACHABLE_CODE = YES;
				CLANG_WARN__DUPLICATE_METHOD_MATCH = YES;
				COPY_PHASE_STRIP = NO;
				DEBUG_INFORMATION_FORMAT = "dwarf-with-dsym";
				ENABLE_NS_ASSERTIONS = NO;
				ENABLE_STRICT_OBJC_MSGSEND = YES;
				GCC_C_LANGUAGE_STANDARD = gnu11;
				GCC_NO_COMMON_BLOCKS = YES;
				GCC_WARN_64_TO_32_BIT_CONVERSION = YES;
				GCC_WARN_ABOUT_RETURN_TYPE = YES_ERROR;
				GCC_WARN_UNDECLARED_SELECTOR = YES;
				GCC_WARN_UNINITIALIZED_AUTOS = YES_AGGRESSIVE;
				GCC_WARN_UNUSED_FUNCTION = YES;
				GCC_WARN_UNUSED_VARIABLE = YES;
				IPHONEOS_DEPLOYMENT_TARGET = 13.2;
				MTL_ENABLE_DEBUG_INFO = NO;
				MTL_FAST_MATH = YES;
				SDKROOT = iphoneos;
				SWIFT_COMPILATION_MODE = wholemodule;
				SWIFT_OPTIMIZATION_LEVEL = "-O";
				VALIDATE_PRODUCT = YES;
			};
			name = Release;
		};
		1053F3AF23EAE5C200D8A11F /* Debug */ = {
			isa = XCBuildConfiguration;
			buildSettings = {
				ASSETCATALOG_COMPILER_APPICON_NAME = AppIcon;
				CODE_SIGN_STYLE = Automatic;
				INFOPLIST_FILE = MusicSearcher/Info.plist;
				LD_RUNPATH_SEARCH_PATHS = (
					"$(inherited)",
					"@executable_path/Frameworks",
				);
				PRODUCT_BUNDLE_IDENTIFIER = ru.insidergroup.MusicSearcher;
				PRODUCT_NAME = "$(TARGET_NAME)";
				SWIFT_VERSION = 5.0;
				TARGETED_DEVICE_FAMILY = "1,2";
			};
			name = Debug;
		};
		1053F3B023EAE5C200D8A11F /* Release */ = {
			isa = XCBuildConfiguration;
			buildSettings = {
				ASSETCATALOG_COMPILER_APPICON_NAME = AppIcon;
				CODE_SIGN_STYLE = Automatic;
				INFOPLIST_FILE = MusicSearcher/Info.plist;
				LD_RUNPATH_SEARCH_PATHS = (
					"$(inherited)",
					"@executable_path/Frameworks",
				);
				PRODUCT_BUNDLE_IDENTIFIER = ru.insidergroup.MusicSearcher;
				PRODUCT_NAME = "$(TARGET_NAME)";
				SWIFT_VERSION = 5.0;
				TARGETED_DEVICE_FAMILY = "1,2";
			};
			name = Release;
		};
/* End XCBuildConfiguration section */

/* Begin XCConfigurationList section */
		1053F39523EAE5C000D8A11F /* Build configuration list for PBXProject "MusicSearcher" */ = {
			isa = XCConfigurationList;
			buildConfigurations = (
				1053F3AC23EAE5C200D8A11F /* Debug */,
				1053F3AD23EAE5C200D8A11F /* Release */,
			);
			defaultConfigurationIsVisible = 0;
			defaultConfigurationName = Release;
		};
		1053F3AE23EAE5C200D8A11F /* Build configuration list for PBXNativeTarget "MusicSearcher" */ = {
			isa = XCConfigurationList;
			buildConfigurations = (
				1053F3AF23EAE5C200D8A11F /* Debug */,
				1053F3B023EAE5C200D8A11F /* Release */,
			);
			defaultConfigurationIsVisible = 0;
			defaultConfigurationName = Release;
		};
/* End XCConfigurationList section */
	};
	rootObject = 1053F39223EAE5C000D8A11F /* Project object */;
}
